// !$*UTF8*$!
{
	archiveVersion = 1;
	classes = {
	};
	objectVersion = 52;
	objects = {

/* Begin PBXBuildFile section */
		B4CEEF0C25E1165D00F7A99B /* NewsMVVMApp.swift in Sources */ = {isa = PBXBuildFile; fileRef = B4CEEF0B25E1165D00F7A99B /* NewsMVVMApp.swift */; };
		B4CEEF0E25E1165D00F7A99B /* ContentView.swift in Sources */ = {isa = PBXBuildFile; fileRef = B4CEEF0D25E1165D00F7A99B /* ContentView.swift */; };
		B4CEEF1025E1165E00F7A99B /* Assets.xcassets in Resources */ = {isa = PBXBuildFile; fileRef = B4CEEF0F25E1165E00F7A99B /* Assets.xcassets */; };
		B4CEEF1325E1165E00F7A99B /* Preview Assets.xcassets in Resources */ = {isa = PBXBuildFile; fileRef = B4CEEF1225E1165E00F7A99B /* Preview Assets.xcassets */; };
		B4CEEF1D25E116DD00F7A99B /* HomeView.swift in Sources */ = {isa = PBXBuildFile; fileRef = B4CEEF1C25E116DD00F7A99B /* HomeView.swift */; };
		B4CEEF2125E1180A00F7A99B /* NewsResponse.swift in Sources */ = {isa = PBXBuildFile; fileRef = B4CEEF2025E1180A00F7A99B /* NewsResponse.swift */; };
		B4CEEF2525E118CB00F7A99B /* NewsEndpoint.swift in Sources */ = {isa = PBXBuildFile; fileRef = B4CEEF2425E118CB00F7A99B /* NewsEndpoint.swift */; };
		B4CEEF2925E11C7400F7A99B /* NewsService.swift in Sources */ = {isa = PBXBuildFile; fileRef = B4CEEF2825E11C7400F7A99B /* NewsService.swift */; };
		B4CEEF2D25E1461100F7A99B /* ResultState.swift in Sources */ = {isa = PBXBuildFile; fileRef = B4CEEF2C25E1461100F7A99B /* ResultState.swift */; };
		B4CEEF3125E1467800F7A99B /* NewsViewModel.swift in Sources */ = {isa = PBXBuildFile; fileRef = B4CEEF3025E1467800F7A99B /* NewsViewModel.swift */; };
		B4CEEF3825E14AA200F7A99B /* ArticleView.swift in Sources */ = {isa = PBXBuildFile; fileRef = B4CEEF3725E14AA200F7A99B /* ArticleView.swift */; };
		B4CEEF3C25E14E3C00F7A99B /* SDWebImageSwiftUI in Frameworks */ = {isa = PBXBuildFile; productRef = B4CEEF3B25E14E3C00F7A99B /* SDWebImageSwiftUI */; };
		B4CEEF4025E157AF00F7A99B /* ErrorView.swift in Sources */ = {isa = PBXBuildFile; fileRef = B4CEEF3F25E157AF00F7A99B /* ErrorView.swift */; };
/* End PBXBuildFile section */

/* Begin PBXFileReference section */
		B4CEEF0825E1165D00F7A99B /* NewsMVVM.app */ = {isa = PBXFileReference; explicitFileType = wrapper.application; includeInIndex = 0; path = NewsMVVM.app; sourceTree = BUILT_PRODUCTS_DIR; };
		B4CEEF0B25E1165D00F7A99B /* NewsMVVMApp.swift */ = {isa = PBXFileReference; lastKnownFileType = sourcecode.swift; path = NewsMVVMApp.swift; sourceTree = "<group>"; };
		B4CEEF0D25E1165D00F7A99B /* ContentView.swift */ = {isa = PBXFileReference; lastKnownFileType = sourcecode.swift; path = ContentView.swift; sourceTree = "<group>"; };
		B4CEEF0F25E1165E00F7A99B /* Assets.xcassets */ = {isa = PBXFileReference; lastKnownFileType = folder.assetcatalog; path = Assets.xcassets; sourceTree = "<group>"; };
		B4CEEF1225E1165E00F7A99B /* Preview Assets.xcassets */ = {isa = PBXFileReference; lastKnownFileType = folder.assetcatalog; path = "Preview Assets.xcassets"; sourceTree = "<group>"; };
		B4CEEF1425E1165E00F7A99B /* Info.plist */ = {isa = PBXFileReference; lastKnownFileType = text.plist.xml; path = Info.plist; sourceTree = "<group>"; };
		B4CEEF1C25E116DD00F7A99B /* HomeView.swift */ = {isa = PBXFileReference; lastKnownFileType = sourcecode.swift; path = HomeView.swift; sourceTree = "<group>"; };
		B4CEEF2025E1180A00F7A99B /* NewsResponse.swift */ = {isa = PBXFileReference; lastKnownFileType = sourcecode.swift; path = NewsResponse.swift; sourceTree = "<group>"; };
		B4CEEF2425E118CB00F7A99B /* NewsEndpoint.swift */ = {isa = PBXFileReference; lastKnownFileType = sourcecode.swift; path = NewsEndpoint.swift; sourceTree = "<group>"; };
		B4CEEF2825E11C7400F7A99B /* NewsService.swift */ = {isa = PBXFileReference; lastKnownFileType = sourcecode.swift; path = NewsService.swift; sourceTree = "<group>"; };
		B4CEEF2C25E1461100F7A99B /* ResultState.swift */ = {isa = PBXFileReference; lastKnownFileType = sourcecode.swift; path = ResultState.swift; sourceTree = "<group>"; };
		B4CEEF3025E1467800F7A99B /* NewsViewModel.swift */ = {isa = PBXFileReference; lastKnownFileType = sourcecode.swift; path = NewsViewModel.swift; sourceTree = "<group>"; };
		B4CEEF3725E14AA200F7A99B /* ArticleView.swift */ = {isa = PBXFileReference; lastKnownFileType = sourcecode.swift; path = ArticleView.swift; sourceTree = "<group>"; };
		B4CEEF3F25E157AF00F7A99B /* ErrorView.swift */ = {isa = PBXFileReference; lastKnownFileType = sourcecode.swift; path = ErrorView.swift; sourceTree = "<group>"; };
/* End PBXFileReference section */

/* Begin PBXFrameworksBuildPhase section */
		B4CEEF0525E1165D00F7A99B /* Frameworks */ = {
			isa = PBXFrameworksBuildPhase;
			buildActionMask = 2147483647;
			files = (
				B4CEEF3C25E14E3C00F7A99B /* SDWebImageSwiftUI in Frameworks */,
			);
			runOnlyForDeploymentPostprocessing = 0;
		};
/* End PBXFrameworksBuildPhase section */

/* Begin PBXGroup section */
		B4CEEEFF25E1165D00F7A99B = {
			isa = PBXGroup;
			children = (
				B4CEEF0A25E1165D00F7A99B /* NewsMVVM */,
				B4CEEF0925E1165D00F7A99B /* Products */,
			);
			sourceTree = "<group>";
		};
		B4CEEF0925E1165D00F7A99B /* Products */ = {
			isa = PBXGroup;
			children = (
				B4CEEF0825E1165D00F7A99B /* NewsMVVM.app */,
			);
			name = Products;
			sourceTree = "<group>";
		};
		B4CEEF0A25E1165D00F7A99B /* NewsMVVM */ = {
			isa = PBXGroup;
			children = (
				B4CEEF2F25E1466700F7A99B /* ViewModel */,
				B4CEEF2B25E1460100F7A99B /* States */,
				B4CEEF2725E11C6500F7A99B /* Service */,
				B4CEEF2325E118A600F7A99B /* Endpoint */,
				B4CEEF1F25E117FA00F7A99B /* Model */,
				B4CEEF1B25E116B000F7A99B /* Views */,
				B4CEEF0B25E1165D00F7A99B /* NewsMVVMApp.swift */,
				B4CEEF0D25E1165D00F7A99B /* ContentView.swift */,
				B4CEEF0F25E1165E00F7A99B /* Assets.xcassets */,
				B4CEEF1425E1165E00F7A99B /* Info.plist */,
				B4CEEF1125E1165E00F7A99B /* Preview Content */,
			);
			path = NewsMVVM;
			sourceTree = "<group>";
		};
		B4CEEF1125E1165E00F7A99B /* Preview Content */ = {
			isa = PBXGroup;
			children = (
				B4CEEF1225E1165E00F7A99B /* Preview Assets.xcassets */,
			);
			path = "Preview Content";
			sourceTree = "<group>";
		};
		B4CEEF1B25E116B000F7A99B /* Views */ = {
			isa = PBXGroup;
			children = (
				B4CEEF1C25E116DD00F7A99B /* HomeView.swift */,
				B4CEEF3725E14AA200F7A99B /* ArticleView.swift */,
				B4CEEF3F25E157AF00F7A99B /* ErrorView.swift */,
			);
			path = Views;
			sourceTree = "<group>";
		};
		B4CEEF1F25E117FA00F7A99B /* Model */ = {
			isa = PBXGroup;
			children = (
				B4CEEF2025E1180A00F7A99B /* NewsResponse.swift */,
			);
			path = Model;
			sourceTree = "<group>";
		};
		B4CEEF2325E118A600F7A99B /* Endpoint */ = {
			isa = PBXGroup;
			children = (
				B4CEEF2425E118CB00F7A99B /* NewsEndpoint.swift */,
			);
			path = Endpoint;
			sourceTree = "<group>";
		};
		B4CEEF2725E11C6500F7A99B /* Service */ = {
			isa = PBXGroup;
			children = (
				B4CEEF2825E11C7400F7A99B /* NewsService.swift */,
			);
			path = Service;
			sourceTree = "<group>";
		};
		B4CEEF2B25E1460100F7A99B /* States */ = {
			isa = PBXGroup;
			children = (
				B4CEEF2C25E1461100F7A99B /* ResultState.swift */,
			);
			path = States;
			sourceTree = "<group>";
		};
		B4CEEF2F25E1466700F7A99B /* ViewModel */ = {
			isa = PBXGroup;
			children = (
				B4CEEF3025E1467800F7A99B /* NewsViewModel.swift */,
			);
			path = ViewModel;
			sourceTree = "<group>";
		};
/* End PBXGroup section */

/* Begin PBXNativeTarget section */
		B4CEEF0725E1165D00F7A99B /* NewsMVVM */ = {
			isa = PBXNativeTarget;
			buildConfigurationList = B4CEEF1725E1165E00F7A99B /* Build configuration list for PBXNativeTarget "NewsMVVM" */;
			buildPhases = (
				B4CEEF0425E1165D00F7A99B /* Sources */,
				B4CEEF0525E1165D00F7A99B /* Frameworks */,
				B4CEEF0625E1165D00F7A99B /* Resources */,
			);
			buildRules = (
			);
			dependencies = (
			);
			name = NewsMVVM;
			packageProductDependencies = (
				B4CEEF3B25E14E3C00F7A99B /* SDWebImageSwiftUI */,
			);
			productName = NewsMVVM;
			productReference = B4CEEF0825E1165D00F7A99B /* NewsMVVM.app */;
			productType = "com.apple.product-type.application";
		};
/* End PBXNativeTarget section */

/* Begin PBXProject section */
		B4CEEF0025E1165D00F7A99B /* Project object */ = {
			isa = PBXProject;
			attributes = {
				LastSwiftUpdateCheck = 1240;
				LastUpgradeCheck = 1240;
				TargetAttributes = {
					B4CEEF0725E1165D00F7A99B = {
						CreatedOnToolsVersion = 12.4;
					};
				};
			};
			buildConfigurationList = B4CEEF0325E1165D00F7A99B /* Build configuration list for PBXProject "NewsMVVM" */;
			compatibilityVersion = "Xcode 9.3";
			developmentRegion = en;
			hasScannedForEncodings = 0;
			knownRegions = (
				en,
				Base,
			);
			mainGroup = B4CEEEFF25E1165D00F7A99B;
			packageReferences = (
				B4CEEF3A25E14E3C00F7A99B /* XCRemoteSwiftPackageReference "SDWebImageSwiftUI" */,
			);
			productRefGroup = B4CEEF0925E1165D00F7A99B /* Products */;
			projectDirPath = "";
			projectRoot = "";
			targets = (
				B4CEEF0725E1165D00F7A99B /* NewsMVVM */,
			);
		};
/* End PBXProject section */

/* Begin PBXResourcesBuildPhase section */
		B4CEEF0625E1165D00F7A99B /* Resources */ = {
			isa = PBXResourcesBuildPhase;
			buildActionMask = 2147483647;
			files = (
				B4CEEF1325E1165E00F7A99B /* Preview Assets.xcassets in Resources */,
				B4CEEF1025E1165E00F7A99B /* Assets.xcassets in Resources */,
			);
			runOnlyForDeploymentPostprocessing = 0;
		};
/* End PBXResourcesBuildPhase section */

/* Begin PBXSourcesBuildPhase section */
		B4CEEF0425E1165D00F7A99B /* Sources */ = {
			isa = PBXSourcesBuildPhase;
			buildActionMask = 2147483647;
			files = (
				B4CEEF2D25E1461100F7A99B /* ResultState.swift in Sources */,
				B4CEEF2925E11C7400F7A99B /* NewsService.swift in Sources */,
				B4CEEF1D25E116DD00F7A99B /* HomeView.swift in Sources */,
				B4CEEF2525E118CB00F7A99B /* NewsEndpoint.swift in Sources */,
				B4CEEF2125E1180A00F7A99B /* NewsResponse.swift in Sources */,
				B4CEEF4025E157AF00F7A99B /* ErrorView.swift in Sources */,
				B4CEEF0E25E1165D00F7A99B /* ContentView.swift in Sources */,
				B4CEEF0C25E1165D00F7A99B /* NewsMVVMApp.swift in Sources */,
				B4CEEF3825E14AA200F7A99B /* ArticleView.swift in Sources */,
				B4CEEF3125E1467800F7A99B /* NewsViewModel.swift in Sources */,
			);
			runOnlyForDeploymentPostprocessing = 0;
		};
/* End PBXSourcesBuildPhase section */

/* Begin XCBuildConfiguration section */
		B4CEEF1525E1165E00F7A99B /* Debug */ = {
			isa = XCBuildConfiguration;
			buildSettings = {
				ALWAYS_SEARCH_USER_PATHS = NO;
				CLANG_ANALYZER_NONNULL = YES;
				CLANG_ANALYZER_NUMBER_OBJECT_CONVERSION = YES_AGGRESSIVE;
				CLANG_CXX_LANGUAGE_STANDARD = "gnu++14";
				CLANG_CXX_LIBRARY = "libc++";
				CLANG_ENABLE_MODULES = YES;
				CLANG_ENABLE_OBJC_ARC = YES;
				CLANG_ENABLE_OBJC_WEAK = YES;
				CLANG_WARN_BLOCK_CAPTURE_AUTORELEASING = YES;
				CLANG_WARN_BOOL_CONVERSION = YES;
				CLANG_WARN_COMMA = YES;
				CLANG_WARN_CONSTANT_CONVERSION = YES;
				CLANG_WARN_DEPRECATED_OBJC_IMPLEMENTATIONS = YES;
				CLANG_WARN_DIRECT_OBJC_ISA_USAGE = YES_ERROR;
				CLANG_WARN_DOCUMENTATION_COMMENTS = YES;
				CLANG_WARN_EMPTY_BODY = YES;
				CLANG_WARN_ENUM_CONVERSION = YES;
				CLANG_WARN_INFINITE_RECURSION = YES;
				CLANG_WARN_INT_CONVERSION = YES;
				CLANG_WARN_NON_LITERAL_NULL_CONVERSION = YES;
				CLANG_WARN_OBJC_IMPLICIT_RETAIN_SELF = YES;
				CLANG_WARN_OBJC_LITERAL_CONVERSION = YES;
				CLANG_WARN_OBJC_ROOT_CLASS = YES_ERROR;
				CLANG_WARN_QUOTED_INCLUDE_IN_FRAMEWORK_HEADER = YES;
				CLANG_WARN_RANGE_LOOP_ANALYSIS = YES;
				CLANG_WARN_STRICT_PROTOTYPES = YES;
				CLANG_WARN_SUSPICIOUS_MOVE = YES;
				CLANG_WARN_UNGUARDED_AVAILABILITY = YES_AGGRESSIVE;
				CLANG_WARN_UNREACHABLE_CODE = YES;
				CLANG_WARN__DUPLICATE_METHOD_MATCH = YES;
				COPY_PHASE_STRIP = NO;
				DEBUG_INFORMATION_FORMAT = dwarf;
				ENABLE_STRICT_OBJC_MSGSEND = YES;
				ENABLE_TESTABILITY = YES;
				GCC_C_LANGUAGE_STANDARD = gnu11;
				GCC_DYNAMIC_NO_PIC = NO;
				GCC_NO_COMMON_BLOCKS = YES;
				GCC_OPTIMIZATION_LEVEL = 0;
				GCC_PREPROCESSOR_DEFINITIONS = (
					"DEBUG=1",
					"$(inherited)",
				);
				GCC_WARN_64_TO_32_BIT_CONVERSION = YES;
				GCC_WARN_ABOUT_RETURN_TYPE = YES_ERROR;
				GCC_WARN_UNDECLARED_SELECTOR = YES;
				GCC_WARN_UNINITIALIZED_AUTOS = YES_AGGRESSIVE;
				GCC_WARN_UNUSED_FUNCTION = YES;
				GCC_WARN_UNUSED_VARIABLE = YES;
				IPHONEOS_DEPLOYMENT_TARGET = 14.4;
				MTL_ENABLE_DEBUG_INFO = INCLUDE_SOURCE;
				MTL_FAST_MATH = YES;
				ONLY_ACTIVE_ARCH = YES;
				SDKROOT = iphoneos;
				SWIFT_ACTIVE_COMPILATION_CONDITIONS = DEBUG;
				SWIFT_OPTIMIZATION_LEVEL = "-Onone";
			};
			name = Debug;
		};
		B4CEEF1625E1165E00F7A99B /* Release */ = {
			isa = XCBuildConfiguration;
			buildSettings = {
				ALWAYS_SEARCH_USER_PATHS = NO;
				CLANG_ANALYZER_NONNULL = YES;
				CLANG_ANALYZER_NUMBER_OBJECT_CONVERSION = YES_AGGRESSIVE;
				CLANG_CXX_LANGUAGE_STANDARD = "gnu++14";
				CLANG_CXX_LIBRARY = "libc++";
				CLANG_ENABLE_MODULES = YES;
				CLANG_ENABLE_OBJC_ARC = YES;
				CLANG_ENABLE_OBJC_WEAK = YES;
				CLANG_WARN_BLOCK_CAPTURE_AUTORELEASING = YES;
				CLANG_WARN_BOOL_CONVERSION = YES;
				CLANG_WARN_COMMA = YES;
				CLANG_WARN_CONSTANT_CONVERSION = YES;
				CLANG_WARN_DEPRECATED_OBJC_IMPLEMENTATIONS = YES;
				CLANG_WARN_DIRECT_OBJC_ISA_USAGE = YES_ERROR;
				CLANG_WARN_DOCUMENTATION_COMMENTS = YES;
				CLANG_WARN_EMPTY_BODY = YES;
				CLANG_WARN_ENUM_CONVERSION = YES;
				CLANG_WARN_INFINITE_RECURSION = YES;
				CLANG_WARN_INT_CONVERSION = YES;
				CLANG_WARN_NON_LITERAL_NULL_CONVERSION = YES;
				CLANG_WARN_OBJC_IMPLICIT_RETAIN_SELF = YES;
				CLANG_WARN_OBJC_LITERAL_CONVERSION = YES;
				CLANG_WARN_OBJC_ROOT_CLASS = YES_ERROR;
				CLANG_WARN_QUOTED_INCLUDE_IN_FRAMEWORK_HEADER = YES;
				CLANG_WARN_RANGE_LOOP_ANALYSIS = YES;
				CLANG_WARN_STRICT_PROTOTYPES = YES;
				CLANG_WARN_SUSPICIOUS_MOVE = YES;
				CLANG_WARN_UNGUARDED_AVAILABILITY = YES_AGGRESSIVE;
				CLANG_WARN_UNREACHABLE_CODE = YES;
				CLANG_WARN__DUPLICATE_METHOD_MATCH = YES;
				COPY_PHASE_STRIP = NO;
				DEBUG_INFORMATION_FORMAT = "dwarf-with-dsym";
				ENABLE_NS_ASSERTIONS = NO;
				ENABLE_STRICT_OBJC_MSGSEND = YES;
				GCC_C_LANGUAGE_STANDARD = gnu11;
				GCC_NO_COMMON_BLOCKS = YES;
				GCC_WARN_64_TO_32_BIT_CONVERSION = YES;
				GCC_WARN_ABOUT_RETURN_TYPE = YES_ERROR;
				GCC_WARN_UNDECLARED_SELECTOR = YES;
				GCC_WARN_UNINITIALIZED_AUTOS = YES_AGGRESSIVE;
				GCC_WARN_UNUSED_FUNCTION = YES;
				GCC_WARN_UNUSED_VARIABLE = YES;
				IPHONEOS_DEPLOYMENT_TARGET = 14.4;
				MTL_ENABLE_DEBUG_INFO = NO;
				MTL_FAST_MATH = YES;
				SDKROOT = iphoneos;
				SWIFT_COMPILATION_MODE = wholemodule;
				SWIFT_OPTIMIZATION_LEVEL = "-O";
				VALIDATE_PRODUCT = YES;
			};
			name = Release;
		};
		B4CEEF1825E1165E00F7A99B /* Debug */ = {
			isa = XCBuildConfiguration;
			buildSettings = {
				ASSETCATALOG_COMPILER_APPICON_NAME = AppIcon;
				ASSETCATALOG_COMPILER_GLOBAL_ACCENT_COLOR_NAME = AccentColor;
				CODE_SIGN_STYLE = Automatic;
				DEVELOPMENT_ASSET_PATHS = "\"NewsMVVM/Preview Content\"";
				DEVELOPMENT_TEAM = 8ZAQMTCL7E;
				ENABLE_PREVIEWS = YES;
				INFOPLIST_FILE = NewsMVVM/Info.plist;
				IPHONEOS_DEPLOYMENT_TARGET = 14.0;
				LD_RUNPATH_SEARCH_PATHS = (
					"$(inherited)",
					"@executable_path/Frameworks",
				);
				PRODUCT_BUNDLE_IDENTIFIER = com.SeRcCaN.NewsMVVM;
				PRODUCT_NAME = "$(TARGET_NAME)";
				SWIFT_VERSION = 5.0;
				TARGETED_DEVICE_FAMILY = "1,2";
			};
			name = Debug;
		};
		B4CEEF1925E1165E00F7A99B /* Release */ = {
			isa = XCBuildConfiguration;
			buildSettings = {
				ASSETCATALOG_COMPILER_APPICON_NAME = AppIcon;
				ASSETCATALOG_COMPILER_GLOBAL_ACCENT_COLOR_NAME = AccentColor;
				CODE_SIGN_STYLE = Automatic;
				DEVELOPMENT_ASSET_PATHS = "\"NewsMVVM/Preview Content\"";
				DEVELOPMENT_TEAM = 8ZAQMTCL7E;
				ENABLE_PREVIEWS = YES;
				INFOPLIST_FILE = NewsMVVM/Info.plist;
				IPHONEOS_DEPLOYMENT_TARGET = 14.0;
				LD_RUNPATH_SEARCH_PATHS = (
					"$(inherited)",
					"@executable_path/Frameworks",
				);
				PRODUCT_BUNDLE_IDENTIFIER = com.SeRcCaN.NewsMVVM;
				PRODUCT_NAME = "$(TARGET_NAME)";
				SWIFT_VERSION = 5.0;
				TARGETED_DEVICE_FAMILY = "1,2";
			};
			name = Release;
		};
/* End XCBuildConfiguration section */

/* Begin XCConfigurationList section */
		B4CEEF0325E1165D00F7A99B /* Build configuration list for PBXProject "NewsMVVM" */ = {
			isa = XCConfigurationList;
			buildConfigurations = (
				B4CEEF1525E1165E00F7A99B /* Debug */,
				B4CEEF1625E1165E00F7A99B /* Release */,
			);
			defaultConfigurationIsVisible = 0;
			defaultConfigurationName = Release;
		};
		B4CEEF1725E1165E00F7A99B /* Build configuration list for PBXNativeTarget "NewsMVVM" */ = {
			isa = XCConfigurationList;
			buildConfigurations = (
				B4CEEF1825E1165E00F7A99B /* Debug */,
				B4CEEF1925E1165E00F7A99B /* Release */,
			);
			defaultConfigurationIsVisible = 0;
			defaultConfigurationName = Release;
		};
/* End XCConfigurationList section */

/* Begin XCRemoteSwiftPackageReference section */
		B4CEEF3A25E14E3C00F7A99B /* XCRemoteSwiftPackageReference "SDWebImageSwiftUI" */ = {
			isa = XCRemoteSwiftPackageReference;
			repositoryURL = "https://github.com/SDWebImage/SDWebImageSwiftUI.git";
			requirement = {
				kind = upToNextMajorVersion;
				minimumVersion = 1.5.0;
			};
		};
/* End XCRemoteSwiftPackageReference section */

/* Begin XCSwiftPackageProductDependency section */
		B4CEEF3B25E14E3C00F7A99B /* SDWebImageSwiftUI */ = {
			isa = XCSwiftPackageProductDependency;
			package = B4CEEF3A25E14E3C00F7A99B /* XCRemoteSwiftPackageReference "SDWebImageSwiftUI" */;
			productName = SDWebImageSwiftUI;
		};
/* End XCSwiftPackageProductDependency section */
	};
	rootObject = B4CEEF0025E1165D00F7A99B /* Project object */;
}
